{
  "version": 4,
  "terraform_version": "0.13.3",
  "serial": 16,
  "lineage": "12f6d0ff-4834-af28-7cfc-81b90eb50653",
  "outputs": {
    "created_iam_users_all": {
      "value": [
        {
          "arn": "arn:aws:iam::140709577215:user/vasya",
          "force_destroy": false,
          "id": "vasya",
          "name": "vasya",
          "path": "/",
          "permissions_boundary": null,
          "tags": {},
          "unique_id": "AIDASBQXRYH75K4TWU2PG"
        },
        {
          "arn": "arn:aws:iam::140709577215:user/petya",
          "force_destroy": false,
          "id": "petya",
          "name": "petya",
          "path": "/",
          "permissions_boundary": null,
          "tags": {},
          "unique_id": "AIDASBQXRYH7U26VIB4A7"
        },
        {
          "arn": "arn:aws:iam::140709577215:user/kolya",
          "force_destroy": false,
          "id": "kolya",
          "name": "kolya",
          "path": "/",
          "permissions_boundary": null,
          "tags": {},
          "unique_id": "AIDASBQXRYH7RUHSLPIFL"
        },
        {
          "arn": "arn:aws:iam::140709577215:user/lena",
          "force_destroy": false,
          "id": "lena",
          "name": "lena",
          "path": "/",
          "permissions_boundary": null,
          "tags": {},
          "unique_id": "AIDASBQXRYH76KJYPHC33"
        },
        {
          "arn": "arn:aws:iam::140709577215:user/masha",
          "force_destroy": false,
          "id": "masha",
          "name": "masha",
          "path": "/",
          "permissions_boundary": null,
          "tags": {},
          "unique_id": "AIDASBQXRYH7U74Y33BPO"
        },
        {
          "arn": "arn:aws:iam::140709577215:user/misha",
          "force_destroy": false,
          "id": "misha",
          "name": "misha",
          "path": "/",
          "permissions_boundary": null,
          "tags": {},
          "unique_id": "AIDASBQXRYH75VRQ37GHL"
        },
        {
          "arn": "arn:aws:iam::140709577215:user/vova",
          "force_destroy": false,
          "id": "vova",
          "name": "vova",
          "path": "/",
          "permissions_boundary": null,
          "tags": {},
          "unique_id": "AIDASBQXRYH7RU43XB7EK"
        },
        {
          "arn": "arn:aws:iam::140709577215:user/donald",
          "force_destroy": false,
          "id": "donald",
          "name": "donald",
          "path": "/",
          "permissions_boundary": null,
          "tags": {},
          "unique_id": "AIDASBQXRYH7ZLNTTZ23G"
        }
      ],
      "type": [
        "tuple",
        [
          [
            "object",
            {
              "arn": "string",
              "force_destroy": "bool",
              "id": "string",
              "name": "string",
              "path": "string",
              "permissions_boundary": "string",
              "tags": [
                "map",
                "string"
              ],
              "unique_id": "string"
            }
          ],
          [
            "object",
            {
              "arn": "string",
              "force_destroy": "bool",
              "id": "string",
              "name": "string",
              "path": "string",
              "permissions_boundary": "string",
              "tags": [
                "map",
                "string"
              ],
              "unique_id": "string"
            }
          ],
          [
            "object",
            {
              "arn": "string",
              "force_destroy": "bool",
              "id": "string",
              "name": "string",
              "path": "string",
              "permissions_boundary": "string",
              "tags": [
                "map",
                "string"
              ],
              "unique_id": "string"
            }
          ],
          [
            "object",
            {
              "arn": "string",
              "force_destroy": "bool",
              "id": "string",
              "name": "string",
              "path": "string",
              "permissions_boundary": "string",
              "tags": [
                "map",
                "string"
              ],
              "unique_id": "string"
            }
          ],
          [
            "object",
            {
              "arn": "string",
              "force_destroy": "bool",
              "id": "string",
              "name": "string",
              "path": "string",
              "permissions_boundary": "string",
              "tags": [
                "map",
                "string"
              ],
              "unique_id": "string"
            }
          ],
          [
            "object",
            {
              "arn": "string",
              "force_destroy": "bool",
              "id": "string",
              "name": "string",
              "path": "string",
              "permissions_boundary": "string",
              "tags": [
                "map",
                "string"
              ],
              "unique_id": "string"
            }
          ],
          [
            "object",
            {
              "arn": "string",
              "force_destroy": "bool",
              "id": "string",
              "name": "string",
              "path": "string",
              "permissions_boundary": "string",
              "tags": [
                "map",
                "string"
              ],
              "unique_id": "string"
            }
          ],
          [
            "object",
            {
              "arn": "string",
              "force_destroy": "bool",
              "id": "string",
              "name": "string",
              "path": "string",
              "permissions_boundary": "string",
              "tags": [
                "map",
                "string"
              ],
              "unique_id": "string"
            }
          ]
        ]
      ]
    },
    "created_iam_users_custom": {
      "value": [
        "Username: vasya has ARN: arn:aws:iam::140709577215:user/vasya",
        "Username: petya has ARN: arn:aws:iam::140709577215:user/petya",
        "Username: kolya has ARN: arn:aws:iam::140709577215:user/kolya",
        "Username: lena has ARN: arn:aws:iam::140709577215:user/lena",
        "Username: masha has ARN: arn:aws:iam::140709577215:user/masha",
        "Username: misha has ARN: arn:aws:iam::140709577215:user/misha",
        "Username: vova has ARN: arn:aws:iam::140709577215:user/vova",
        "Username: donald has ARN: arn:aws:iam::140709577215:user/donald"
      ],
      "type": [
        "tuple",
        [
          "string",
          "string",
          "string",
          "string",
          "string",
          "string",
          "string",
          "string"
        ]
      ]
    },
    "created_iam_users_ids": {
      "value": [
        "vasya",
        "petya",
        "kolya",
        "lena",
        "masha",
        "misha",
        "vova",
        "donald"
      ],
      "type": [
        "tuple",
        [
          "string",
          "string",
          "string",
          "string",
          "string",
          "string",
          "string",
          "string"
        ]
      ]
    },
    "created_iam_users_map": {
      "value": {
        "AIDASBQXRYH75K4TWU2PG": "vasya",
        "AIDASBQXRYH75VRQ37GHL": "misha",
        "AIDASBQXRYH76KJYPHC33": "lena",
        "AIDASBQXRYH7RU43XB7EK": "vova",
        "AIDASBQXRYH7RUHSLPIFL": "kolya",
        "AIDASBQXRYH7U26VIB4A7": "petya",
        "AIDASBQXRYH7U74Y33BPO": "masha",
        "AIDASBQXRYH7ZLNTTZ23G": "donald"
      },
      "type": [
        "object",
        {
          "AIDASBQXRYH75K4TWU2PG": "string",
          "AIDASBQXRYH75VRQ37GHL": "string",
          "AIDASBQXRYH76KJYPHC33": "string",
          "AIDASBQXRYH7RU43XB7EK": "string",
          "AIDASBQXRYH7RUHSLPIFL": "string",
          "AIDASBQXRYH7U26VIB4A7": "string",
          "AIDASBQXRYH7U74Y33BPO": "string",
          "AIDASBQXRYH7ZLNTTZ23G": "string"
        }
      ]
    },
    "custom_if_length": {
      "value": [
        "lena",
        "vova"
      ],
      "type": [
        "tuple",
        [
          "string",
          "string"
        ]
      ]
    },
    "server_all": {
      "value": {},
      "type": [
        "object",
        {}
      ]
    },
    "server_all_full": {
      "value": [],
      "type": [
        "tuple",
        []
      ]
    }
  },
  "resources": [
    {
      "mode": "managed",
      "type": "aws_iam_user",
      "name": "user1",
      "provider": "provider[\"registry.terraform.io/hashicorp/aws\"]",
      "instances": [
        {
          "schema_version": 0,
          "attributes": {
            "arn": "arn:aws:iam::140709577215:user/Pushkin",
            "force_destroy": false,
            "id": "Pushkin",
            "name": "Pushkin",
            "path": "/",
            "permissions_boundary": null,
            "tags": {},
            "unique_id": "AIDASBQXRYH7XNUHQ6NQB"
          },
          "private": "bnVsbA=="
        }
      ]
    },
    {
      "mode": "managed",
      "type": "aws_iam_user",
      "name": "users",
      "provider": "provider[\"registry.terraform.io/hashicorp/aws\"]",
      "instances": [
        {
          "index_key": 0,
          "schema_version": 0,
          "attributes": {
            "arn": "arn:aws:iam::140709577215:user/vasya",
            "force_destroy": false,
            "id": "vasya",
            "name": "vasya",
            "path": "/",
            "permissions_boundary": null,
            "tags": {},
            "unique_id": "AIDASBQXRYH75K4TWU2PG"
          },
          "private": "bnVsbA=="
        },
        {
          "index_key": 1,
          "schema_version": 0,
          "attributes": {
            "arn": "arn:aws:iam::140709577215:user/petya",
            "force_destroy": false,
            "id": "petya",
            "name": "petya",
            "path": "/",
            "permissions_boundary": null,
            "tags": {},
            "unique_id": "AIDASBQXRYH7U26VIB4A7"
          },
          "private": "bnVsbA=="
        },
        {
          "index_key": 2,
          "schema_version": 0,
          "attributes": {
            "arn": "arn:aws:iam::140709577215:user/kolya",
            "force_destroy": false,
            "id": "kolya",
            "name": "kolya",
            "path": "/",
            "permissions_boundary": null,
            "tags": {},
            "unique_id": "AIDASBQXRYH7RUHSLPIFL"
          },
          "private": "bnVsbA=="
        },
        {
          "index_key": 3,
          "schema_version": 0,
          "attributes": {
            "arn": "arn:aws:iam::140709577215:user/lena",
            "force_destroy": false,
            "id": "lena",
            "name": "lena",
            "path": "/",
            "permissions_boundary": null,
            "tags": {},
            "unique_id": "AIDASBQXRYH76KJYPHC33"
          },
          "private": "bnVsbA=="
        },
        {
          "index_key": 4,
          "schema_version": 0,
          "attributes": {
            "arn": "arn:aws:iam::140709577215:user/masha",
            "force_destroy": false,
            "id": "masha",
            "name": "masha",
            "path": "/",
            "permissions_boundary": null,
            "tags": {},
            "unique_id": "AIDASBQXRYH7U74Y33BPO"
          },
          "private": "bnVsbA=="
        },
        {
          "index_key": 5,
          "schema_version": 0,
          "attributes": {
            "arn": "arn:aws:iam::140709577215:user/misha",
            "force_destroy": false,
            "id": "misha",
            "name": "misha",
            "path": "/",
            "permissions_boundary": null,
            "tags": {},
            "unique_id": "AIDASBQXRYH75VRQ37GHL"
          },
          "private": "bnVsbA=="
        },
        {
          "index_key": 6,
          "schema_version": 0,
          "attributes": {
            "arn": "arn:aws:iam::140709577215:user/vova",
            "force_destroy": false,
            "id": "vova",
            "name": "vova",
            "path": "/",
            "permissions_boundary": null,
            "tags": {},
            "unique_id": "AIDASBQXRYH7RU43XB7EK"
          },
          "private": "bnVsbA=="
        },
        {
          "index_key": 7,
          "schema_version": 0,
          "attributes": {
            "arn": "arn:aws:iam::140709577215:user/donald",
            "force_destroy": false,
            "id": "donald",
            "name": "donald",
            "path": "/",
            "permissions_boundary": null,
            "tags": {},
            "unique_id": "AIDASBQXRYH7ZLNTTZ23G"
          },
          "private": "bnVsbA=="
        }
      ]
    }
  ]
}
