{
  "version": 4,
  "terraform_version": "0.13.3",
  "serial": 3,
  "lineage": "2690975a-1781-d54e-596c-5035ab92239a",
  "outputs": {
    "rds_password": {
      "value": "eAyn4JtlnOGq",
      "type": "string"
    }
  },
  "resources": [
    {
      "mode": "managed",
      "type": "random_password",
      "name": "rds_password",
      "provider": "provider[\"registry.terraform.io/hashicorp/random\"]",
      "instances": [
        {
          "schema_version": 0,
          "attributes": {
            "id": "none",
            "keepers": {
              "kepeer1": "petya"
            },
            "length": 12,
            "lower": true,
            "min_lower": 0,
            "min_numeric": 0,
            "min_special": 0,
            "min_upper": 0,
            "number": true,
            "override_special": "!#$\u0026",
            "result": "eAyn4JtlnOGq",
            "special": true,
            "upper": true
          },
          "private": "bnVsbA=="
        }
      ]
    }
  ]
}
